
Microsoft Visual Studio Solution File, Format Version 12.00
# Visual Studio 2015
Project("{FAE04EC0-301F-11D3-BF4B-00C04F79EFBC}") = "Mind Control", "Mind Control.csproj", "{C1B88C7E-9D75-700B-E1D6-F01EBF48510C}"
EndProject
Project("{FAE04EC0-301F-11D3-BF4B-00C04F79EFBC}") = "Mind Control.Editor", "Mind Control.Editor.csproj", "{BE0E7686-9B0B-29E6-2D54-F9BBADB234E1}"
EndProject
Global
	GlobalSection(SolutionConfigurationPlatforms) = preSolution
		Debug|Any CPU = Debug|Any CPU
		Release|Any CPU = Release|Any CPU
	EndGlobalSection
	GlobalSection(ProjectConfigurationPlatforms) = postSolution
		{C1B88C7E-9D75-700B-E1D6-F01EBF48510C}.Debug|Any CPU.ActiveCfg = Debug|Any CPU
		{C1B88C7E-9D75-700B-E1D6-F01EBF48510C}.Debug|Any CPU.Build.0 = Debug|Any CPU
		{C1B88C7E-9D75-700B-E1D6-F01EBF48510C}.Release|Any CPU.ActiveCfg = Release|Any CPU
		{C1B88C7E-9D75-700B-E1D6-F01EBF48510C}.Release|Any CPU.Build.0 = Release|Any CPU
		{BE0E7686-9B0B-29E6-2D54-F9BBADB234E1}.Debug|Any CPU.ActiveCfg = Debug|Any CPU
		{BE0E7686-9B0B-29E6-2D54-F9BBADB234E1}.Debug|Any CPU.Build.0 = Debug|Any CPU
		{BE0E7686-9B0B-29E6-2D54-F9BBADB234E1}.Release|Any CPU.ActiveCfg = Release|Any CPU
		{BE0E7686-9B0B-29E6-2D54-F9BBADB234E1}.Release|Any CPU.Build.0 = Release|Any CPU
	EndGlobalSection
	GlobalSection(SolutionProperties) = preSolution
		HideSolutionNode = FALSE
	EndGlobalSection
EndGlobal
